
Microsoft Visual Studio Solution File, Format Version 12.00
# Visual Studio Version 17
VisualStudioVersion = 17.11.35312.102
MinimumVisualStudioVersion = 10.0.40219.1
Project("{9A19103F-16F7-4668-BE54-9A1E7A4F7556}") = "GestorPFC", "GestorPFC.csproj", "{7D48CEBB-F1CA-439B-81B0-3458D0B254DB}"
EndProject
Project("{FAE04EC0-301F-11D3-BF4B-00C04F79EFBC}") = "RestAPI", "..\RestAPI\RestAPI.csproj", "{233B9C9E-BAA2-4437-A472-CFBE4B01B188}"
EndProject
Global
	GlobalSection(SolutionConfigurationPlatforms) = preSolution
		Debug|Any CPU = Debug|Any CPU
		Release|Any CPU = Release|Any CPU
	EndGlobalSection
	GlobalSection(ProjectConfigurationPlatforms) = postSolution
		{7D48CEBB-F1CA-439B-81B0-3458D0B254DB}.Debug|Any CPU.ActiveCfg = Debug|Any CPU
		{7D48CEBB-F1CA-439B-81B0-3458D0B254DB}.Debug|Any CPU.Build.0 = Debug|Any CPU
		{7D48CEBB-F1CA-439B-81B0-3458D0B254DB}.Release|Any CPU.ActiveCfg = Release|Any CPU
		{7D48CEBB-F1CA-439B-81B0-3458D0B254DB}.Release|Any CPU.Build.0 = Release|Any CPU
		{233B9C9E-BAA2-4437-A472-CFBE4B01B188}.Debug|Any CPU.ActiveCfg = Debug|Any CPU
		{233B9C9E-BAA2-4437-A472-CFBE4B01B188}.Debug|Any CPU.Build.0 = Debug|Any CPU
		{233B9C9E-BAA2-4437-A472-CFBE4B01B188}.Release|Any CPU.ActiveCfg = Release|Any CPU
		{233B9C9E-BAA2-4437-A472-CFBE4B01B188}.Release|Any CPU.Build.0 = Release|Any CPU
	EndGlobalSection
	GlobalSection(SolutionProperties) = preSolution
		HideSolutionNode = FALSE
	EndGlobalSection
	GlobalSection(ExtensibilityGlobals) = postSolution
		SolutionGuid = {505987A2-7F80-4151-AF99-8F6B5CA7C868}
	EndGlobalSection
EndGlobal
